
Microsoft Visual Studio Solution File, Format Version 12.00
# Visual Studio Version 17
VisualStudioVersion = 17.2.32630.192
MinimumVisualStudioVersion = 10.0.40219.1
Project("{FAE04EC0-301F-11D3-BF4B-00C04F79EFBC}") = "TestJwtToken", "TestJwtToken\TestJwtToken.csproj", "{C6F62DEC-B6C6-479B-A2C3-CA7A3A332ABD}"
EndProject
Global
	GlobalSection(SolutionConfigurationPlatforms) = preSolution
		Debug|Any CPU = Debug|Any CPU
		Release|Any CPU = Release|Any CPU
	EndGlobalSection
	GlobalSection(ProjectConfigurationPlatforms) = postSolution
		{C6F62DEC-B6C6-479B-A2C3-CA7A3A332ABD}.Debug|Any CPU.ActiveCfg = Debug|Any CPU
		{C6F62DEC-B6C6-479B-A2C3-CA7A3A332ABD}.Debug|Any CPU.Build.0 = Debug|Any CPU
		{C6F62DEC-B6C6-479B-A2C3-CA7A3A332ABD}.Release|Any CPU.ActiveCfg = Release|Any CPU
		{C6F62DEC-B6C6-479B-A2C3-CA7A3A332ABD}.Release|Any CPU.Build.0 = Release|Any CPU
	EndGlobalSection
	GlobalSection(SolutionProperties) = preSolution
		HideSolutionNode = FALSE
	EndGlobalSection
	GlobalSection(ExtensibilityGlobals) = postSolution
		SolutionGuid = {8B5C355C-D538-498E-94A7-EFF62B7521E2}
	EndGlobalSection
EndGlobal
